// !$*UTF8*$!
{
	archiveVersion = 1;
	classes = {
	};
	objectVersion = 50;
	objects = {

/* Begin PBXBuildFile section */
		240222F026A74F210017B89B /* AppDelegate.swift in Sources */ = {isa = PBXBuildFile; fileRef = 240222EF26A74F210017B89B /* AppDelegate.swift */; };
		240222F226A74F210017B89B /* SceneDelegate.swift in Sources */ = {isa = PBXBuildFile; fileRef = 240222F126A74F210017B89B /* SceneDelegate.swift */; };
		240222F426A74F210017B89B /* ViewController.swift in Sources */ = {isa = PBXBuildFile; fileRef = 240222F326A74F210017B89B /* ViewController.swift */; };
		240222F726A74F210017B89B /* Main.storyboard in Resources */ = {isa = PBXBuildFile; fileRef = 240222F526A74F210017B89B /* Main.storyboard */; };
		240222FA26A74F210017B89B /* artistsblock2.xcdatamodeld in Sources */ = {isa = PBXBuildFile; fileRef = 240222F826A74F210017B89B /* artistsblock2.xcdatamodeld */; };
		240222FC26A74F220017B89B /* Assets.xcassets in Resources */ = {isa = PBXBuildFile; fileRef = 240222FB26A74F220017B89B /* Assets.xcassets */; };
		240222FF26A74F220017B89B /* LaunchScreen.storyboard in Resources */ = {isa = PBXBuildFile; fileRef = 240222FD26A74F220017B89B /* LaunchScreen.storyboard */; };
		2402230A26A74F220017B89B /* artistsblock2Tests.swift in Sources */ = {isa = PBXBuildFile; fileRef = 2402230926A74F220017B89B /* artistsblock2Tests.swift */; };
		2402231526A74F220017B89B /* artistsblock2UITests.swift in Sources */ = {isa = PBXBuildFile; fileRef = 2402231426A74F220017B89B /* artistsblock2UITests.swift */; };
/* End PBXBuildFile section */

/* Begin PBXContainerItemProxy section */
		2402230626A74F220017B89B /* PBXContainerItemProxy */ = {
			isa = PBXContainerItemProxy;
			containerPortal = 240222E426A74F210017B89B /* Project object */;
			proxyType = 1;
			remoteGlobalIDString = 240222EB26A74F210017B89B;
			remoteInfo = artistsblock2;
		};
		2402231126A74F220017B89B /* PBXContainerItemProxy */ = {
			isa = PBXContainerItemProxy;
			containerPortal = 240222E426A74F210017B89B /* Project object */;
			proxyType = 1;
			remoteGlobalIDString = 240222EB26A74F210017B89B;
			remoteInfo = artistsblock2;
		};
/* End PBXContainerItemProxy section */

/* Begin PBXFileReference section */
		240222EC26A74F210017B89B /* artistsblock2.app */ = {isa = PBXFileReference; explicitFileType = wrapper.application; includeInIndex = 0; path = artistsblock2.app; sourceTree = BUILT_PRODUCTS_DIR; };
		240222EF26A74F210017B89B /* AppDelegate.swift */ = {isa = PBXFileReference; lastKnownFileType = sourcecode.swift; path = AppDelegate.swift; sourceTree = "<group>"; };
		240222F126A74F210017B89B /* SceneDelegate.swift */ = {isa = PBXFileReference; lastKnownFileType = sourcecode.swift; path = SceneDelegate.swift; sourceTree = "<group>"; };
		240222F326A74F210017B89B /* ViewController.swift */ = {isa = PBXFileReference; lastKnownFileType = sourcecode.swift; path = ViewController.swift; sourceTree = "<group>"; };
		240222F626A74F210017B89B /* Base */ = {isa = PBXFileReference; lastKnownFileType = file.storyboard; name = Base; path = Base.lproj/Main.storyboard; sourceTree = "<group>"; };
		240222F926A74F210017B89B /* artistsblock2.xcdatamodel */ = {isa = PBXFileReference; lastKnownFileType = wrapper.xcdatamodel; path = artistsblock2.xcdatamodel; sourceTree = "<group>"; };
		240222FB26A74F220017B89B /* Assets.xcassets */ = {isa = PBXFileReference; lastKnownFileType = folder.assetcatalog; path = Assets.xcassets; sourceTree = "<group>"; };
		240222FE26A74F220017B89B /* Base */ = {isa = PBXFileReference; lastKnownFileType = file.storyboard; name = Base; path = Base.lproj/LaunchScreen.storyboard; sourceTree = "<group>"; };
		2402230026A74F220017B89B /* Info.plist */ = {isa = PBXFileReference; lastKnownFileType = text.plist.xml; path = Info.plist; sourceTree = "<group>"; };
		2402230526A74F220017B89B /* artistsblock2Tests.xctest */ = {isa = PBXFileReference; explicitFileType = wrapper.cfbundle; includeInIndex = 0; path = artistsblock2Tests.xctest; sourceTree = BUILT_PRODUCTS_DIR; };
		2402230926A74F220017B89B /* artistsblock2Tests.swift */ = {isa = PBXFileReference; lastKnownFileType = sourcecode.swift; path = artistsblock2Tests.swift; sourceTree = "<group>"; };
		2402230B26A74F220017B89B /* Info.plist */ = {isa = PBXFileReference; lastKnownFileType = text.plist.xml; path = Info.plist; sourceTree = "<group>"; };
		2402231026A74F220017B89B /* artistsblock2UITests.xctest */ = {isa = PBXFileReference; explicitFileType = wrapper.cfbundle; includeInIndex = 0; path = artistsblock2UITests.xctest; sourceTree = BUILT_PRODUCTS_DIR; };
		2402231426A74F220017B89B /* artistsblock2UITests.swift */ = {isa = PBXFileReference; lastKnownFileType = sourcecode.swift; path = artistsblock2UITests.swift; sourceTree = "<group>"; };
		2402231626A74F220017B89B /* Info.plist */ = {isa = PBXFileReference; lastKnownFileType = text.plist.xml; path = Info.plist; sourceTree = "<group>"; };
/* End PBXFileReference section */

/* Begin PBXFrameworksBuildPhase section */
		240222E926A74F210017B89B /* Frameworks */ = {
			isa = PBXFrameworksBuildPhase;
			buildActionMask = 2147483647;
			files = (
			);
			runOnlyForDeploymentPostprocessing = 0;
		};
		2402230226A74F220017B89B /* Frameworks */ = {
			isa = PBXFrameworksBuildPhase;
			buildActionMask = 2147483647;
			files = (
			);
			runOnlyForDeploymentPostprocessing = 0;
		};
		2402230D26A74F220017B89B /* Frameworks */ = {
			isa = PBXFrameworksBuildPhase;
			buildActionMask = 2147483647;
			files = (
			);
			runOnlyForDeploymentPostprocessing = 0;
		};
/* End PBXFrameworksBuildPhase section */

/* Begin PBXGroup section */
		240222E326A74F210017B89B = {
			isa = PBXGroup;
			children = (
				240222EE26A74F210017B89B /* artistsblock2 */,
				2402230826A74F220017B89B /* artistsblock2Tests */,
				2402231326A74F220017B89B /* artistsblock2UITests */,
				240222ED26A74F210017B89B /* Products */,
			);
			sourceTree = "<group>";
		};
		240222ED26A74F210017B89B /* Products */ = {
			isa = PBXGroup;
			children = (
				240222EC26A74F210017B89B /* artistsblock2.app */,
				2402230526A74F220017B89B /* artistsblock2Tests.xctest */,
				2402231026A74F220017B89B /* artistsblock2UITests.xctest */,
			);
			name = Products;
			sourceTree = "<group>";
		};
		240222EE26A74F210017B89B /* artistsblock2 */ = {
			isa = PBXGroup;
			children = (
				240222EF26A74F210017B89B /* AppDelegate.swift */,
				240222F126A74F210017B89B /* SceneDelegate.swift */,
				240222F326A74F210017B89B /* ViewController.swift */,
				240222F526A74F210017B89B /* Main.storyboard */,
				240222FB26A74F220017B89B /* Assets.xcassets */,
				240222FD26A74F220017B89B /* LaunchScreen.storyboard */,
				2402230026A74F220017B89B /* Info.plist */,
				240222F826A74F210017B89B /* artistsblock2.xcdatamodeld */,
			);
			path = artistsblock2;
			sourceTree = "<group>";
		};
		2402230826A74F220017B89B /* artistsblock2Tests */ = {
			isa = PBXGroup;
			children = (
				2402230926A74F220017B89B /* artistsblock2Tests.swift */,
				2402230B26A74F220017B89B /* Info.plist */,
			);
			path = artistsblock2Tests;
			sourceTree = "<group>";
		};
		2402231326A74F220017B89B /* artistsblock2UITests */ = {
			isa = PBXGroup;
			children = (
				2402231426A74F220017B89B /* artistsblock2UITests.swift */,
				2402231626A74F220017B89B /* Info.plist */,
			);
			path = artistsblock2UITests;
			sourceTree = "<group>";
		};
/* End PBXGroup section */

/* Begin PBXNativeTarget section */
		240222EB26A74F210017B89B /* artistsblock2 */ = {
			isa = PBXNativeTarget;
			buildConfigurationList = 2402231926A74F220017B89B /* Build configuration list for PBXNativeTarget "artistsblock2" */;
			buildPhases = (
				240222E826A74F210017B89B /* Sources */,
				240222E926A74F210017B89B /* Frameworks */,
				240222EA26A74F210017B89B /* Resources */,
			);
			buildRules = (
			);
			dependencies = (
			);
			name = artistsblock2;
			productName = artistsblock2;
			productReference = 240222EC26A74F210017B89B /* artistsblock2.app */;
			productType = "com.apple.product-type.application";
		};
		2402230426A74F220017B89B /* artistsblock2Tests */ = {
			isa = PBXNativeTarget;
			buildConfigurationList = 2402231C26A74F220017B89B /* Build configuration list for PBXNativeTarget "artistsblock2Tests" */;
			buildPhases = (
				2402230126A74F220017B89B /* Sources */,
				2402230226A74F220017B89B /* Frameworks */,
				2402230326A74F220017B89B /* Resources */,
			);
			buildRules = (
			);
			dependencies = (
				2402230726A74F220017B89B /* PBXTargetDependency */,
			);
			name = artistsblock2Tests;
			productName = artistsblock2Tests;
			productReference = 2402230526A74F220017B89B /* artistsblock2Tests.xctest */;
			productType = "com.apple.product-type.bundle.unit-test";
		};
		2402230F26A74F220017B89B /* artistsblock2UITests */ = {
			isa = PBXNativeTarget;
			buildConfigurationList = 2402231F26A74F220017B89B /* Build configuration list for PBXNativeTarget "artistsblock2UITests" */;
			buildPhases = (
				2402230C26A74F220017B89B /* Sources */,
				2402230D26A74F220017B89B /* Frameworks */,
				2402230E26A74F220017B89B /* Resources */,
			);
			buildRules = (
			);
			dependencies = (
				2402231226A74F220017B89B /* PBXTargetDependency */,
			);
			name = artistsblock2UITests;
			productName = artistsblock2UITests;
			productReference = 2402231026A74F220017B89B /* artistsblock2UITests.xctest */;
			productType = "com.apple.product-type.bundle.ui-testing";
		};
/* End PBXNativeTarget section */

/* Begin PBXProject section */
		240222E426A74F210017B89B /* Project object */ = {
			isa = PBXProject;
			attributes = {
				LastSwiftUpdateCheck = 1250;
				LastUpgradeCheck = 1250;
				TargetAttributes = {
					240222EB26A74F210017B89B = {
						CreatedOnToolsVersion = 12.5.1;
					};
					2402230426A74F220017B89B = {
						CreatedOnToolsVersion = 12.5.1;
						TestTargetID = 240222EB26A74F210017B89B;
					};
					2402230F26A74F220017B89B = {
						CreatedOnToolsVersion = 12.5.1;
						TestTargetID = 240222EB26A74F210017B89B;
					};
				};
			};
			buildConfigurationList = 240222E726A74F210017B89B /* Build configuration list for PBXProject "artistsblock2" */;
			compatibilityVersion = "Xcode 9.3";
			developmentRegion = en;
			hasScannedForEncodings = 0;
			knownRegions = (
				en,
				Base,
			);
			mainGroup = 240222E326A74F210017B89B;
			productRefGroup = 240222ED26A74F210017B89B /* Products */;
			projectDirPath = "";
			projectRoot = "";
			targets = (
				240222EB26A74F210017B89B /* artistsblock2 */,
				2402230426A74F220017B89B /* artistsblock2Tests */,
				2402230F26A74F220017B89B /* artistsblock2UITests */,
			);
		};
/* End PBXProject section */

/* Begin PBXResourcesBuildPhase section */
		240222EA26A74F210017B89B /* Resources */ = {
			isa = PBXResourcesBuildPhase;
			buildActionMask = 2147483647;
			files = (
				240222FF26A74F220017B89B /* LaunchScreen.storyboard in Resources */,
				240222FC26A74F220017B89B /* Assets.xcassets in Resources */,
				240222F726A74F210017B89B /* Main.storyboard in Resources */,
			);
			runOnlyForDeploymentPostprocessing = 0;
		};
		2402230326A74F220017B89B /* Resources */ = {
			isa = PBXResourcesBuildPhase;
			buildActionMask = 2147483647;
			files = (
			);
			runOnlyForDeploymentPostprocessing = 0;
		};
		2402230E26A74F220017B89B /* Resources */ = {
			isa = PBXResourcesBuildPhase;
			buildActionMask = 2147483647;
			files = (
			);
			runOnlyForDeploymentPostprocessing = 0;
		};
/* End PBXResourcesBuildPhase section */

/* Begin PBXSourcesBuildPhase section */
		240222E826A74F210017B89B /* Sources */ = {
			isa = PBXSourcesBuildPhase;
			buildActionMask = 2147483647;
			files = (
				240222F426A74F210017B89B /* ViewController.swift in Sources */,
				240222FA26A74F210017B89B /* artistsblock2.xcdatamodeld in Sources */,
				240222F026A74F210017B89B /* AppDelegate.swift in Sources */,
				240222F226A74F210017B89B /* SceneDelegate.swift in Sources */,
			);
			runOnlyForDeploymentPostprocessing = 0;
		};
		2402230126A74F220017B89B /* Sources */ = {
			isa = PBXSourcesBuildPhase;
			buildActionMask = 2147483647;
			files = (
				2402230A26A74F220017B89B /* artistsblock2Tests.swift in Sources */,
			);
			runOnlyForDeploymentPostprocessing = 0;
		};
		2402230C26A74F220017B89B /* Sources */ = {
			isa = PBXSourcesBuildPhase;
			buildActionMask = 2147483647;
			files = (
				2402231526A74F220017B89B /* artistsblock2UITests.swift in Sources */,
			);
			runOnlyForDeploymentPostprocessing = 0;
		};
/* End PBXSourcesBuildPhase section */

/* Begin PBXTargetDependency section */
		2402230726A74F220017B89B /* PBXTargetDependency */ = {
			isa = PBXTargetDependency;
			target = 240222EB26A74F210017B89B /* artistsblock2 */;
			targetProxy = 2402230626A74F220017B89B /* PBXContainerItemProxy */;
		};
		2402231226A74F220017B89B /* PBXTargetDependency */ = {
			isa = PBXTargetDependency;
			target = 240222EB26A74F210017B89B /* artistsblock2 */;
			targetProxy = 2402231126A74F220017B89B /* PBXContainerItemProxy */;
		};
/* End PBXTargetDependency section */

/* Begin PBXVariantGroup section */
		240222F526A74F210017B89B /* Main.storyboard */ = {
			isa = PBXVariantGroup;
			children = (
				240222F626A74F210017B89B /* Base */,
			);
			name = Main.storyboard;
			sourceTree = "<group>";
		};
		240222FD26A74F220017B89B /* LaunchScreen.storyboard */ = {
			isa = PBXVariantGroup;
			children = (
				240222FE26A74F220017B89B /* Base */,
			);
			name = LaunchScreen.storyboard;
			sourceTree = "<group>";
		};
/* End PBXVariantGroup section */

/* Begin XCBuildConfiguration section */
		2402231726A74F220017B89B /* Debug */ = {
			isa = XCBuildConfiguration;
			buildSettings = {
				ALWAYS_SEARCH_USER_PATHS = NO;
				CLANG_ANALYZER_NONNULL = YES;
				CLANG_ANALYZER_NUMBER_OBJECT_CONVERSION = YES_AGGRESSIVE;
				CLANG_CXX_LANGUAGE_STANDARD = "gnu++14";
				CLANG_CXX_LIBRARY = "libc++";
				CLANG_ENABLE_MODULES = YES;
				CLANG_ENABLE_OBJC_ARC = YES;
				CLANG_ENABLE_OBJC_WEAK = YES;
				CLANG_WARN_BLOCK_CAPTURE_AUTORELEASING = YES;
				CLANG_WARN_BOOL_CONVERSION = YES;
				CLANG_WARN_COMMA = YES;
				CLANG_WARN_CONSTANT_CONVERSION = YES;
				CLANG_WARN_DEPRECATED_OBJC_IMPLEMENTATIONS = YES;
				CLANG_WARN_DIRECT_OBJC_ISA_USAGE = YES_ERROR;
				CLANG_WARN_DOCUMENTATION_COMMENTS = YES;
				CLANG_WARN_EMPTY_BODY = YES;
				CLANG_WARN_ENUM_CONVERSION = YES;
				CLANG_WARN_INFINITE_RECURSION = YES;
				CLANG_WARN_INT_CONVERSION = YES;
				CLANG_WARN_NON_LITERAL_NULL_CONVERSION = YES;
				CLANG_WARN_OBJC_IMPLICIT_RETAIN_SELF = YES;
				CLANG_WARN_OBJC_LITERAL_CONVERSION = YES;
				CLANG_WARN_OBJC_ROOT_CLASS = YES_ERROR;
				CLANG_WARN_QUOTED_INCLUDE_IN_FRAMEWORK_HEADER = YES;
				CLANG_WARN_RANGE_LOOP_ANALYSIS = YES;
				CLANG_WARN_STRICT_PROTOTYPES = YES;
				CLANG_WARN_SUSPICIOUS_MOVE = YES;
				CLANG_WARN_UNGUARDED_AVAILABILITY = YES_AGGRESSIVE;
				CLANG_WARN_UNREACHABLE_CODE = YES;
				CLANG_WARN__DUPLICATE_METHOD_MATCH = YES;
				COPY_PHASE_STRIP = NO;
				DEBUG_INFORMATION_FORMAT = dwarf;
				ENABLE_STRICT_OBJC_MSGSEND = YES;
				ENABLE_TESTABILITY = YES;
				GCC_C_LANGUAGE_STANDARD = gnu11;
				GCC_DYNAMIC_NO_PIC = NO;
				GCC_NO_COMMON_BLOCKS = YES;
				GCC_OPTIMIZATION_LEVEL = 0;
				GCC_PREPROCESSOR_DEFINITIONS = (
					"DEBUG=1",
					"$(inherited)",
				);
				GCC_WARN_64_TO_32_BIT_CONVERSION = YES;
				GCC_WARN_ABOUT_RETURN_TYPE = YES_ERROR;
				GCC_WARN_UNDECLARED_SELECTOR = YES;
				GCC_WARN_UNINITIALIZED_AUTOS = YES_AGGRESSIVE;
				GCC_WARN_UNUSED_FUNCTION = YES;
				GCC_WARN_UNUSED_VARIABLE = YES;
				IPHONEOS_DEPLOYMENT_TARGET = 14.5;
				MTL_ENABLE_DEBUG_INFO = INCLUDE_SOURCE;
				MTL_FAST_MATH = YES;
				ONLY_ACTIVE_ARCH = YES;
				SDKROOT = iphoneos;
				SWIFT_ACTIVE_COMPILATION_CONDITIONS = DEBUG;
				SWIFT_OPTIMIZATION_LEVEL = "-Onone";
			};
			name = Debug;
		};
		2402231826A74F220017B89B /* Release */ = {
			isa = XCBuildConfiguration;
			buildSettings = {
				ALWAYS_SEARCH_USER_PATHS = NO;
				CLANG_ANALYZER_NONNULL = YES;
				CLANG_ANALYZER_NUMBER_OBJECT_CONVERSION = YES_AGGRESSIVE;
				CLANG_CXX_LANGUAGE_STANDARD = "gnu++14";
				CLANG_CXX_LIBRARY = "libc++";
				CLANG_ENABLE_MODULES = YES;
				CLANG_ENABLE_OBJC_ARC = YES;
				CLANG_ENABLE_OBJC_WEAK = YES;
				CLANG_WARN_BLOCK_CAPTURE_AUTORELEASING = YES;
				CLANG_WARN_BOOL_CONVERSION = YES;
				CLANG_WARN_COMMA = YES;
				CLANG_WARN_CONSTANT_CONVERSION = YES;
				CLANG_WARN_DEPRECATED_OBJC_IMPLEMENTATIONS = YES;
				CLANG_WARN_DIRECT_OBJC_ISA_USAGE = YES_ERROR;
				CLANG_WARN_DOCUMENTATION_COMMENTS = YES;
				CLANG_WARN_EMPTY_BODY = YES;
				CLANG_WARN_ENUM_CONVERSION = YES;
				CLANG_WARN_INFINITE_RECURSION = YES;
				CLANG_WARN_INT_CONVERSION = YES;
				CLANG_WARN_NON_LITERAL_NULL_CONVERSION = YES;
				CLANG_WARN_OBJC_IMPLICIT_RETAIN_SELF = YES;
				CLANG_WARN_OBJC_LITERAL_CONVERSION = YES;
				CLANG_WARN_OBJC_ROOT_CLASS = YES_ERROR;
				CLANG_WARN_QUOTED_INCLUDE_IN_FRAMEWORK_HEADER = YES;
				CLANG_WARN_RANGE_LOOP_ANALYSIS = YES;
				CLANG_WARN_STRICT_PROTOTYPES = YES;
				CLANG_WARN_SUSPICIOUS_MOVE = YES;
				CLANG_WARN_UNGUARDED_AVAILABILITY = YES_AGGRESSIVE;
				CLANG_WARN_UNREACHABLE_CODE = YES;
				CLANG_WARN__DUPLICATE_METHOD_MATCH = YES;
				COPY_PHASE_STRIP = NO;
				DEBUG_INFORMATION_FORMAT = "dwarf-with-dsym";
				ENABLE_NS_ASSERTIONS = NO;
				ENABLE_STRICT_OBJC_MSGSEND = YES;
				GCC_C_LANGUAGE_STANDARD = gnu11;
				GCC_NO_COMMON_BLOCKS = YES;
				GCC_WARN_64_TO_32_BIT_CONVERSION = YES;
				GCC_WARN_ABOUT_RETURN_TYPE = YES_ERROR;
				GCC_WARN_UNDECLARED_SELECTOR = YES;
				GCC_WARN_UNINITIALIZED_AUTOS = YES_AGGRESSIVE;
				GCC_WARN_UNUSED_FUNCTION = YES;
				GCC_WARN_UNUSED_VARIABLE = YES;
				IPHONEOS_DEPLOYMENT_TARGET = 14.5;
				MTL_ENABLE_DEBUG_INFO = NO;
				MTL_FAST_MATH = YES;
				SDKROOT = iphoneos;
				SWIFT_COMPILATION_MODE = wholemodule;
				SWIFT_OPTIMIZATION_LEVEL = "-O";
				VALIDATE_PRODUCT = YES;
			};
			name = Release;
		};
		2402231A26A74F220017B89B /* Debug */ = {
			isa = XCBuildConfiguration;
			buildSettings = {
				ASSETCATALOG_COMPILER_APPICON_NAME = AppIcon;
				ASSETCATALOG_COMPILER_GLOBAL_ACCENT_COLOR_NAME = AccentColor;
				CODE_SIGN_STYLE = Automatic;
				DEVELOPMENT_TEAM = NLZHG3LMRY;
				INFOPLIST_FILE = artistsblock2/Info.plist;
				LD_RUNPATH_SEARCH_PATHS = (
					"$(inherited)",
					"@executable_path/Frameworks",
				);
				PRODUCT_BUNDLE_IDENTIFIER = "Helen-Hall.artistsblock2";
				PRODUCT_NAME = "$(TARGET_NAME)";
				SWIFT_VERSION = 5.0;
				TARGETED_DEVICE_FAMILY = "1,2";
			};
			name = Debug;
		};
		2402231B26A74F220017B89B /* Release */ = {
			isa = XCBuildConfiguration;
			buildSettings = {
				ASSETCATALOG_COMPILER_APPICON_NAME = AppIcon;
				ASSETCATALOG_COMPILER_GLOBAL_ACCENT_COLOR_NAME = AccentColor;
				CODE_SIGN_STYLE = Automatic;
				DEVELOPMENT_TEAM = NLZHG3LMRY;
				INFOPLIST_FILE = artistsblock2/Info.plist;
				LD_RUNPATH_SEARCH_PATHS = (
					"$(inherited)",
					"@executable_path/Frameworks",
				);
				PRODUCT_BUNDLE_IDENTIFIER = "Helen-Hall.artistsblock2";
				PRODUCT_NAME = "$(TARGET_NAME)";
				SWIFT_VERSION = 5.0;
				TARGETED_DEVICE_FAMILY = "1,2";
			};
			name = Release;
		};
		2402231D26A74F220017B89B /* Debug */ = {
			isa = XCBuildConfiguration;
			buildSettings = {
				ALWAYS_EMBED_SWIFT_STANDARD_LIBRARIES = YES;
				BUNDLE_LOADER = "$(TEST_HOST)";
				CODE_SIGN_STYLE = Automatic;
				DEVELOPMENT_TEAM = NLZHG3LMRY;
				INFOPLIST_FILE = artistsblock2Tests/Info.plist;
				IPHONEOS_DEPLOYMENT_TARGET = 14.5;
				LD_RUNPATH_SEARCH_PATHS = (
					"$(inherited)",
					"@executable_path/Frameworks",
					"@loader_path/Frameworks",
				);
				PRODUCT_BUNDLE_IDENTIFIER = "Helen-Hall.artistsblock2Tests";
				PRODUCT_NAME = "$(TARGET_NAME)";
				SWIFT_VERSION = 5.0;
				TARGETED_DEVICE_FAMILY = "1,2";
				TEST_HOST = "$(BUILT_PRODUCTS_DIR)/artistsblock2.app/artistsblock2";
			};
			name = Debug;
		};
		2402231E26A74F220017B89B /* Release */ = {
			isa = XCBuildConfiguration;
			buildSettings = {
				ALWAYS_EMBED_SWIFT_STANDARD_LIBRARIES = YES;
				BUNDLE_LOADER = "$(TEST_HOST)";
				CODE_SIGN_STYLE = Automatic;
				DEVELOPMENT_TEAM = NLZHG3LMRY;
				INFOPLIST_FILE = artistsblock2Tests/Info.plist;
				IPHONEOS_DEPLOYMENT_TARGET = 14.5;
				LD_RUNPATH_SEARCH_PATHS = (
					"$(inherited)",
					"@executable_path/Frameworks",
					"@loader_path/Frameworks",
				);
				PRODUCT_BUNDLE_IDENTIFIER = "Helen-Hall.artistsblock2Tests";
				PRODUCT_NAME = "$(TARGET_NAME)";
				SWIFT_VERSION = 5.0;
				TARGETED_DEVICE_FAMILY = "1,2";
				TEST_HOST = "$(BUILT_PRODUCTS_DIR)/artistsblock2.app/artistsblock2";
			};
			name = Release;
		};
		2402232026A74F220017B89B /* Debug */ = {
			isa = XCBuildConfiguration;
			buildSettings = {
				ALWAYS_EMBED_SWIFT_STANDARD_LIBRARIES = YES;
				CODE_SIGN_STYLE = Automatic;
				DEVELOPMENT_TEAM = NLZHG3LMRY;
				INFOPLIST_FILE = artistsblock2UITests/Info.plist;
				LD_RUNPATH_SEARCH_PATHS = (
					"$(inherited)",
					"@executable_path/Frameworks",
					"@loader_path/Frameworks",
				);
				PRODUCT_BUNDLE_IDENTIFIER = "Helen-Hall.artistsblock2UITests";
				PRODUCT_NAME = "$(TARGET_NAME)";
				SWIFT_VERSION = 5.0;
				TARGETED_DEVICE_FAMILY = "1,2";
				TEST_TARGET_NAME = artistsblock2;
			};
			name = Debug;
		};
		2402232126A74F220017B89B /* Release */ = {
			isa = XCBuildConfiguration;
			buildSettings = {
				ALWAYS_EMBED_SWIFT_STANDARD_LIBRARIES = YES;
				CODE_SIGN_STYLE = Automatic;
				DEVELOPMENT_TEAM = NLZHG3LMRY;
				INFOPLIST_FILE = artistsblock2UITests/Info.plist;
				LD_RUNPATH_SEARCH_PATHS = (
					"$(inherited)",
					"@executable_path/Frameworks",
					"@loader_path/Frameworks",
				);
				PRODUCT_BUNDLE_IDENTIFIER = "Helen-Hall.artistsblock2UITests";
				PRODUCT_NAME = "$(TARGET_NAME)";
				SWIFT_VERSION = 5.0;
				TARGETED_DEVICE_FAMILY = "1,2";
				TEST_TARGET_NAME = artistsblock2;
			};
			name = Release;
		};
/* End XCBuildConfiguration section */

/* Begin XCConfigurationList section */
		240222E726A74F210017B89B /* Build configuration list for PBXProject "artistsblock2" */ = {
			isa = XCConfigurationList;
			buildConfigurations = (
				2402231726A74F220017B89B /* Debug */,
				2402231826A74F220017B89B /* Release */,
			);
			defaultConfigurationIsVisible = 0;
			defaultConfigurationName = Release;
		};
		2402231926A74F220017B89B /* Build configuration list for PBXNativeTarget "artistsblock2" */ = {
			isa = XCConfigurationList;
			buildConfigurations = (
				2402231A26A74F220017B89B /* Debug */,
				2402231B26A74F220017B89B /* Release */,
			);
			defaultConfigurationIsVisible = 0;
			defaultConfigurationName = Release;
		};
		2402231C26A74F220017B89B /* Build configuration list for PBXNativeTarget "artistsblock2Tests" */ = {
			isa = XCConfigurationList;
			buildConfigurations = (
				2402231D26A74F220017B89B /* Debug */,
				2402231E26A74F220017B89B /* Release */,
			);
			defaultConfigurationIsVisible = 0;
			defaultConfigurationName = Release;
		};
		2402231F26A74F220017B89B /* Build configuration list for PBXNativeTarget "artistsblock2UITests" */ = {
			isa = XCConfigurationList;
			buildConfigurations = (
				2402232026A74F220017B89B /* Debug */,
				2402232126A74F220017B89B /* Release */,
			);
			defaultConfigurationIsVisible = 0;
			defaultConfigurationName = Release;
		};
/* End XCConfigurationList section */

/* Begin XCVersionGroup section */
		240222F826A74F210017B89B /* artistsblock2.xcdatamodeld */ = {
			isa = XCVersionGroup;
			children = (
				240222F926A74F210017B89B /* artistsblock2.xcdatamodel */,
			);
			currentVersion = 240222F926A74F210017B89B /* artistsblock2.xcdatamodel */;
			path = artistsblock2.xcdatamodeld;
			sourceTree = "<group>";
			versionGroupType = wrapper.xcdatamodel;
		};
/* End XCVersionGroup section */
	};
	rootObject = 240222E426A74F210017B89B /* Project object */;
}
